{
  "name": "Xed",
  "lockfileVersion": 3,
  "requires": true,
  "packages": {
    "": {
      "dependencies": {
        "@tauri-apps/api": "^2.3.0"
      }
    },
    "node_modules/@tauri-apps/api": {
      "version": "2.3.0",
      "resolved": "https://registry.npmjs.org/@tauri-apps/api/-/api-2.3.0.tgz",
      "integrity": "sha512-33Z+0lX2wgZbx1SPFfqvzI6su63hCBkbzv+5NexeYjIx7WA9htdOKoRR7Dh3dJyltqS5/J8vQFyybiRoaL0hlA==",
      "funding": {
        "type": "opencollective",
        "url": "https://opencollective.com/tauri"
      }
    }
  }
}
